{
  "name": "react-video-conferencing",
  "lockfileVersion": 3,
  "requires": true,
  "packages": {
    "": {
      "devDependencies": {
        "@types/config": "^3.3.0"
      }
    },
    "node_modules/@types/config": {
      "version": "3.3.0",
      "resolved": "https://registry.npmjs.org/@types/config/-/config-3.3.0.tgz",
      "integrity": "sha512-9kZSbl3/X3TVNowLCu5HFQdQmD+4287Om55avknEYkuo6R2dDrsp/EXEHUFvfYeG7m1eJ0WYGj+cbcUIhARJAQ==",
      "dev": true
    }
  }
}
